
Microsoft Visual Studio Solution File, Format Version 12.00
# Visual Studio Version 17
VisualStudioVersion = 17.4.33103.184
MinimumVisualStudioVersion = 10.0.40219.1
Project("{FAE04EC0-301F-11D3-BF4B-00C04F79EFBC}") = "MagicVilla", "MagicVilla.csproj", "{A7EF9C20-D3B5-426D-B5E4-633A25362BF2}"
EndProject
Global
	GlobalSection(SolutionConfigurationPlatforms) = preSolution
		Debug|Any CPU = Debug|Any CPU
		Release|Any CPU = Release|Any CPU
	EndGlobalSection
	GlobalSection(ProjectConfigurationPlatforms) = postSolution
		{A7EF9C20-D3B5-426D-B5E4-633A25362BF2}.Debug|Any CPU.ActiveCfg = Debug|Any CPU
		{A7EF9C20-D3B5-426D-B5E4-633A25362BF2}.Debug|Any CPU.Build.0 = Debug|Any CPU
		{A7EF9C20-D3B5-426D-B5E4-633A25362BF2}.Release|Any CPU.ActiveCfg = Release|Any CPU
		{A7EF9C20-D3B5-426D-B5E4-633A25362BF2}.Release|Any CPU.Build.0 = Release|Any CPU
	EndGlobalSection
	GlobalSection(SolutionProperties) = preSolution
		HideSolutionNode = FALSE
	EndGlobalSection
	GlobalSection(ExtensibilityGlobals) = postSolution
		SolutionGuid = {849A2E83-95E0-42A1-A684-F899238BA18A}
	EndGlobalSection
EndGlobal
